
Microsoft Visual Studio Solution File, Format Version 12.00
# Visual Studio Version 17
VisualStudioVersion = 17.3.32804.467
MinimumVisualStudioVersion = 10.0.40219.1
Project("{FAE04EC0-301F-11D3-BF4B-00C04F79EFBC}") = "opperator excersice 2", "opperator excersice 2\opperator excersice 2.csproj", "{636C7D34-4819-470D-B6F8-D84FA456A557}"
EndProject
Global
	GlobalSection(SolutionConfigurationPlatforms) = preSolution
		Debug|Any CPU = Debug|Any CPU
		Release|Any CPU = Release|Any CPU
	EndGlobalSection
	GlobalSection(ProjectConfigurationPlatforms) = postSolution
		{636C7D34-4819-470D-B6F8-D84FA456A557}.Debug|Any CPU.ActiveCfg = Debug|Any CPU
		{636C7D34-4819-470D-B6F8-D84FA456A557}.Debug|Any CPU.Build.0 = Debug|Any CPU
		{636C7D34-4819-470D-B6F8-D84FA456A557}.Release|Any CPU.ActiveCfg = Release|Any CPU
		{636C7D34-4819-470D-B6F8-D84FA456A557}.Release|Any CPU.Build.0 = Release|Any CPU
	EndGlobalSection
	GlobalSection(SolutionProperties) = preSolution
		HideSolutionNode = FALSE
	EndGlobalSection
	GlobalSection(ExtensibilityGlobals) = postSolution
		SolutionGuid = {C489C1E5-6146-4EB2-85AF-AF76562F0E4E}
	EndGlobalSection
EndGlobal
